Microsoft Visual Studio Solution File, Format Version 12.00
# Visual Studio 2012
Project("{FAE04EC0-301F-11D3-BF4B-00C04F79EFBC}") = "Indie Game Dev", "Indie Game Dev.csproj", "{FD919DE8-FB6B-478C-AB9A-B35DA3F5B3BD}"
EndProject
Global
	GlobalSection(SolutionConfigurationPlatforms) = preSolution
	Debug|Any CPU = Debug|Any CPU
	ExportDebug|Any CPU = ExportDebug|Any CPU
	ExportRelease|Any CPU = ExportRelease|Any CPU
	EndGlobalSection
	GlobalSection(ProjectConfigurationPlatforms) = postSolution
		{FD919DE8-FB6B-478C-AB9A-B35DA3F5B3BD}.Debug|Any CPU.ActiveCfg = Debug|Any CPU
		{FD919DE8-FB6B-478C-AB9A-B35DA3F5B3BD}.Debug|Any CPU.Build.0 = Debug|Any CPU
		{FD919DE8-FB6B-478C-AB9A-B35DA3F5B3BD}.ExportDebug|Any CPU.ActiveCfg = ExportDebug|Any CPU
		{FD919DE8-FB6B-478C-AB9A-B35DA3F5B3BD}.ExportDebug|Any CPU.Build.0 = ExportDebug|Any CPU
		{FD919DE8-FB6B-478C-AB9A-B35DA3F5B3BD}.ExportRelease|Any CPU.ActiveCfg = ExportRelease|Any CPU
		{FD919DE8-FB6B-478C-AB9A-B35DA3F5B3BD}.ExportRelease|Any CPU.Build.0 = ExportRelease|Any CPU
	EndGlobalSection
EndGlobal
